<Solution>
  <Folder Name="/src/" />
  <Folder Name="/src/Behavioral/">
    <Project Path="src/Behavioral/StrategyPattern/StrategyPattern.csproj" />
  </Folder>
  <Folder Name="/src/Creational/">
    <Project Path="src/Creational/FactoryMethodPattern/FactoryMethodPattern.csproj" />
  </Folder>
</Solution>
